
Microsoft Visual Studio Solution File, Format Version 12.00
# Visual Studio Version 16
VisualStudioVersion = 16.0.30804.86
MinimumVisualStudioVersion = 10.0.40219.1
Project("{FAE04EC0-301F-11D3-BF4B-00C04F79EFBC}") = "OOP", "OOP.csproj", "{82D9E8E5-A723-443C-B38C-42FB299199BE}"
EndProject
Project("{FAE04EC0-301F-11D3-BF4B-00C04F79EFBC}") = "Collections", "..\Collections\Collections.csproj", "{36C017A6-836A-401E-BA7D-70CDDE7EF3D4}"
EndProject
Project("{FAE04EC0-301F-11D3-BF4B-00C04F79EFBC}") = "GenericsIntro", "..\GenericsIntro\GenericsIntro.csproj", "{90C9C628-7105-4280-85E4-96455C1ACBEB}"
EndProject
Global
	GlobalSection(SolutionConfigurationPlatforms) = preSolution
		Debug|Any CPU = Debug|Any CPU
		Release|Any CPU = Release|Any CPU
	EndGlobalSection
	GlobalSection(ProjectConfigurationPlatforms) = postSolution
		{82D9E8E5-A723-443C-B38C-42FB299199BE}.Debug|Any CPU.ActiveCfg = Debug|Any CPU
		{82D9E8E5-A723-443C-B38C-42FB299199BE}.Debug|Any CPU.Build.0 = Debug|Any CPU
		{82D9E8E5-A723-443C-B38C-42FB299199BE}.Release|Any CPU.ActiveCfg = Release|Any CPU
		{82D9E8E5-A723-443C-B38C-42FB299199BE}.Release|Any CPU.Build.0 = Release|Any CPU
		{36C017A6-836A-401E-BA7D-70CDDE7EF3D4}.Debug|Any CPU.ActiveCfg = Debug|Any CPU
		{36C017A6-836A-401E-BA7D-70CDDE7EF3D4}.Debug|Any CPU.Build.0 = Debug|Any CPU
		{36C017A6-836A-401E-BA7D-70CDDE7EF3D4}.Release|Any CPU.ActiveCfg = Release|Any CPU
		{36C017A6-836A-401E-BA7D-70CDDE7EF3D4}.Release|Any CPU.Build.0 = Release|Any CPU
		{90C9C628-7105-4280-85E4-96455C1ACBEB}.Debug|Any CPU.ActiveCfg = Debug|Any CPU
		{90C9C628-7105-4280-85E4-96455C1ACBEB}.Debug|Any CPU.Build.0 = Debug|Any CPU
		{90C9C628-7105-4280-85E4-96455C1ACBEB}.Release|Any CPU.ActiveCfg = Release|Any CPU
		{90C9C628-7105-4280-85E4-96455C1ACBEB}.Release|Any CPU.Build.0 = Release|Any CPU
	EndGlobalSection
	GlobalSection(SolutionProperties) = preSolution
		HideSolutionNode = FALSE
	EndGlobalSection
	GlobalSection(ExtensibilityGlobals) = postSolution
		SolutionGuid = {AEAC0293-C981-4623-829E-7D0A0E3DEEF7}
	EndGlobalSection
EndGlobal
